// !$*UTF8*$!
{
	archiveVersion = 1;
	classes = {
	};
	objectVersion = 55;
	objects = {

/* Begin PBXBuildFile section */
		C002E45628CE9F4700C44F2B /* LoginViewController.swift in Sources */ = {isa = PBXBuildFile; fileRef = C002E45528CE9F4700C44F2B /* LoginViewController.swift */; };
		C002E45828CE9F5C00C44F2B /* LogionStoryBoard.storyboard in Resources */ = {isa = PBXBuildFile; fileRef = C002E45728CE9F5C00C44F2B /* LogionStoryBoard.storyboard */; };
		202A69A428CE6BCD00EE8E02 /* CALayer+Extension.swift in Sources */ = {isa = PBXBuildFile; fileRef = 202A69A328CE6BCD00EE8E02 /* CALayer+Extension.swift */; };
		20649BCC28C95E430029B372 /* favoritesCollectionViewCell.swift in Sources */ = {isa = PBXBuildFile; fileRef = 20649BCA28C95E430029B372 /* favoritesCollectionViewCell.swift */; };
		20649BCD28C95E430029B372 /* favoritesCollectionViewCell.xib in Resources */ = {isa = PBXBuildFile; fileRef = 20649BCB28C95E430029B372 /* favoritesCollectionViewCell.xib */; };
		C05654EB28CE6FA600230AB8 /* HomeCollectionViewCell.xib in Resources */ = {isa = PBXBuildFile; fileRef = C05654E828CE6FA600230AB8 /* HomeCollectionViewCell.xib */; };
		C05654EC28CE6FA600230AB8 /* CollectionViewController.swift in Sources */ = {isa = PBXBuildFile; fileRef = C05654E928CE6FA600230AB8 /* CollectionViewController.swift */; };
		C05654ED28CE6FA600230AB8 /* HomeCollectionViewCell.swift in Sources */ = {isa = PBXBuildFile; fileRef = C05654EA28CE6FA600230AB8 /* HomeCollectionViewCell.swift */; };
		C05654EF28CE6FED00230AB8 /* Main.storyboard in Resources */ = {isa = PBXBuildFile; fileRef = C05654EE28CE6FED00230AB8 /* Main.storyboard */; };
		C08C722028C3D7E40007E7FE /* AppDelegate.swift in Sources */ = {isa = PBXBuildFile; fileRef = C08C721F28C3D7E40007E7FE /* AppDelegate.swift */; };
		C08C722228C3D7E40007E7FE /* SceneDelegate.swift in Sources */ = {isa = PBXBuildFile; fileRef = C08C722128C3D7E40007E7FE /* SceneDelegate.swift */; };
		C08C722428C3D7E40007E7FE /* MyTabBarConstroller.swift in Sources */ = {isa = PBXBuildFile; fileRef = C08C722328C3D7E40007E7FE /* MyTabBarConstroller.swift */; };
		C08C722928C3D7E60007E7FE /* Assets.xcassets in Resources */ = {isa = PBXBuildFile; fileRef = C08C722828C3D7E60007E7FE /* Assets.xcassets */; };
		C08C722C28C3D7E60007E7FE /* LaunchScreen.storyboard in Resources */ = {isa = PBXBuildFile; fileRef = C08C722A28C3D7E60007E7FE /* LaunchScreen.storyboard */; };
/* End PBXBuildFile section */

/* Begin PBXFileReference section */
		C002E45528CE9F4700C44F2B /* LoginViewController.swift */ = {isa = PBXFileReference; lastKnownFileType = sourcecode.swift; path = LoginViewController.swift; sourceTree = "<group>"; };
		C002E45728CE9F5C00C44F2B /* LogionStoryBoard.storyboard */ = {isa = PBXFileReference; lastKnownFileType = file.storyboard; path = LogionStoryBoard.storyboard; sourceTree = "<group>"; };
		202A69A328CE6BCD00EE8E02 /* CALayer+Extension.swift */ = {isa = PBXFileReference; lastKnownFileType = sourcecode.swift; path = "CALayer+Extension.swift"; sourceTree = "<group>"; };
		20649BCA28C95E430029B372 /* favoritesCollectionViewCell.swift */ = {isa = PBXFileReference; lastKnownFileType = sourcecode.swift; path = favoritesCollectionViewCell.swift; sourceTree = "<group>"; };
		20649BCB28C95E430029B372 /* favoritesCollectionViewCell.xib */ = {isa = PBXFileReference; lastKnownFileType = file.xib; path = favoritesCollectionViewCell.xib; sourceTree = "<group>"; };
		C05654E828CE6FA600230AB8 /* HomeCollectionViewCell.xib */ = {isa = PBXFileReference; fileEncoding = 4; lastKnownFileType = file.xib; path = HomeCollectionViewCell.xib; sourceTree = "<group>"; };
		C05654E928CE6FA600230AB8 /* CollectionViewController.swift */ = {isa = PBXFileReference; fileEncoding = 4; lastKnownFileType = sourcecode.swift; path = CollectionViewController.swift; sourceTree = "<group>"; };
		C05654EA28CE6FA600230AB8 /* HomeCollectionViewCell.swift */ = {isa = PBXFileReference; fileEncoding = 4; lastKnownFileType = sourcecode.swift; path = HomeCollectionViewCell.swift; sourceTree = "<group>"; };
		C05654EE28CE6FED00230AB8 /* Main.storyboard */ = {isa = PBXFileReference; fileEncoding = 4; lastKnownFileType = file.storyboard; path = Main.storyboard; sourceTree = "<group>"; };
		C08C721C28C3D7E40007E7FE /* Pokedex.app */ = {isa = PBXFileReference; explicitFileType = wrapper.application; includeInIndex = 0; path = Pokedex.app; sourceTree = BUILT_PRODUCTS_DIR; };
		C08C721F28C3D7E40007E7FE /* AppDelegate.swift */ = {isa = PBXFileReference; lastKnownFileType = sourcecode.swift; path = AppDelegate.swift; sourceTree = "<group>"; };
		C08C722128C3D7E40007E7FE /* SceneDelegate.swift */ = {isa = PBXFileReference; lastKnownFileType = sourcecode.swift; path = SceneDelegate.swift; sourceTree = "<group>"; };
		C08C722328C3D7E40007E7FE /* MyTabBarConstroller.swift */ = {isa = PBXFileReference; lastKnownFileType = sourcecode.swift; path = MyTabBarConstroller.swift; sourceTree = "<group>"; };
		C08C722828C3D7E60007E7FE /* Assets.xcassets */ = {isa = PBXFileReference; lastKnownFileType = folder.assetcatalog; path = Assets.xcassets; sourceTree = "<group>"; };
		C08C722B28C3D7E60007E7FE /* Base */ = {isa = PBXFileReference; lastKnownFileType = file.storyboard; name = Base; path = Base.lproj/LaunchScreen.storyboard; sourceTree = "<group>"; };
		C08C722D28C3D7E60007E7FE /* Info.plist */ = {isa = PBXFileReference; lastKnownFileType = text.plist.xml; path = Info.plist; sourceTree = "<group>"; };
/* End PBXFileReference section */

/* Begin PBXFrameworksBuildPhase section */
		C08C721928C3D7E40007E7FE /* Frameworks */ = {
			isa = PBXFrameworksBuildPhase;
			buildActionMask = 2147483647;
			files = (
			);
			runOnlyForDeploymentPostprocessing = 0;
		};
/* End PBXFrameworksBuildPhase section */

/* Begin PBXGroup section */
		C002E45128CE9DE800C44F2B /* TabBar */ = {
			isa = PBXGroup;
			children = (
				C08C722328C3D7E40007E7FE /* MyTabBarConstroller.swift */,
			);
			path = TabBar;
			sourceTree = "<group>";
		};
		C002E45228CE9E4700C44F2B /* CollectionView */ = {
			isa = PBXGroup;
			children = (
				C05654E928CE6FA600230AB8 /* CollectionViewController.swift */,
				C05654EE28CE6FED00230AB8 /* Main.storyboard */,
			);
			path = CollectionView;
			sourceTree = "<group>";
		};
		C002E45328CE9EAA00C44F2B /* HomeCollection */ = {
			isa = PBXGroup;
			children = (
				C05654EA28CE6FA600230AB8 /* HomeCollectionViewCell.swift */,
				C05654E828CE6FA600230AB8 /* HomeCollectionViewCell.xib */,
			);
			path = HomeCollection;
			sourceTree = "<group>";
		};
		C002E45428CE9F0600C44F2B /* Login */ = {
			isa = PBXGroup;
			children = (
				C002E45528CE9F4700C44F2B /* LoginViewController.swift */,
				C002E45728CE9F5C00C44F2B /* LogionStoryBoard.storyboard */,
			);
			path = Login;
			sourceTree = "<group>";
		};
		202A69A228CE6BB100EE8E02 /* Extensions */ = {
			isa = PBXGroup;
			children = (
				202A69A328CE6BCD00EE8E02 /* CALayer+Extension.swift */,
			);
			path = Extensions;
			sourceTree = "<group>";
		};
		20649BC928C95DE60029B372 /* favoritesCollectionViewCell */ = {
			isa = PBXGroup;
			children = (
				20649BCA28C95E430029B372 /* favoritesCollectionViewCell.swift */,
				20649BCB28C95E430029B372 /* favoritesCollectionViewCell.xib */,
			);
			path = favoritesCollectionViewCell;
			sourceTree = "<group>";
		};
		C08C721328C3D7E40007E7FE = {
			isa = PBXGroup;
			children = (
				C08C721E28C3D7E40007E7FE /* Pokedex */,
				C08C721D28C3D7E40007E7FE /* Products */,
			);
			sourceTree = "<group>";
		};
		C08C721D28C3D7E40007E7FE /* Products */ = {
			isa = PBXGroup;
			children = (
				C08C721C28C3D7E40007E7FE /* Pokedex.app */,
			);
			name = Products;
			sourceTree = "<group>";
		};
		C08C721E28C3D7E40007E7FE /* Pokedex */ = {
			isa = PBXGroup;
			children = (
				C002E45128CE9DE800C44F2B /* TabBar */,
				C002E45228CE9E4700C44F2B /* CollectionView */,
				C002E45328CE9EAA00C44F2B /* HomeCollection */,
				C002E45428CE9F0600C44F2B /* Login */,
				202A69A228CE6BB100EE8E02 /* Extensions */,
				20649BC928C95DE60029B372 /* favoritesCollectionViewCell */,
				C08C721F28C3D7E40007E7FE /* AppDelegate.swift */,
				C08C722128C3D7E40007E7FE /* SceneDelegate.swift */,
				C08C722828C3D7E60007E7FE /* Assets.xcassets */,
				C08C722A28C3D7E60007E7FE /* LaunchScreen.storyboard */,
				C08C722D28C3D7E60007E7FE /* Info.plist */,
			);
			path = Pokedex;
			sourceTree = "<group>";
		};
/* End PBXGroup section */

/* Begin PBXNativeTarget section */
		C08C721B28C3D7E40007E7FE /* Pokedex */ = {
			isa = PBXNativeTarget;
			buildConfigurationList = C08C723028C3D7E60007E7FE /* Build configuration list for PBXNativeTarget "Pokedex" */;
			buildPhases = (
				C08C721828C3D7E40007E7FE /* Sources */,
				C08C721928C3D7E40007E7FE /* Frameworks */,
				C08C721A28C3D7E40007E7FE /* Resources */,
			);
			buildRules = (
			);
			dependencies = (
			);
			name = Pokedex;
			productName = Pokedex;
			productReference = C08C721C28C3D7E40007E7FE /* Pokedex.app */;
			productType = "com.apple.product-type.application";
		};
/* End PBXNativeTarget section */

/* Begin PBXProject section */
		C08C721428C3D7E40007E7FE /* Project object */ = {
			isa = PBXProject;
			attributes = {
				BuildIndependentTargetsInParallel = 1;
				LastSwiftUpdateCheck = 1340;
				LastUpgradeCheck = 1340;
				TargetAttributes = {
					C08C721B28C3D7E40007E7FE = {
						CreatedOnToolsVersion = 13.4.1;
					};
				};
			};
			buildConfigurationList = C08C721728C3D7E40007E7FE /* Build configuration list for PBXProject "Pokedex" */;
			compatibilityVersion = "Xcode 13.0";
			developmentRegion = en;
			hasScannedForEncodings = 0;
			knownRegions = (
				en,
				Base,
			);
			mainGroup = C08C721328C3D7E40007E7FE;
			productRefGroup = C08C721D28C3D7E40007E7FE /* Products */;
			projectDirPath = "";
			projectRoot = "";
			targets = (
				C08C721B28C3D7E40007E7FE /* Pokedex */,
			);
		};
/* End PBXProject section */

/* Begin PBXResourcesBuildPhase section */
		C08C721A28C3D7E40007E7FE /* Resources */ = {
			isa = PBXResourcesBuildPhase;
			buildActionMask = 2147483647;
			files = (
				C08C722C28C3D7E60007E7FE /* LaunchScreen.storyboard in Resources */,
				C05654EF28CE6FED00230AB8 /* Main.storyboard in Resources */,
				C002E45828CE9F5C00C44F2B /* LogionStoryBoard.storyboard in Resources */,
				C08C722928C3D7E60007E7FE /* Assets.xcassets in Resources */,
				20649BCD28C95E430029B372 /* favoritesCollectionViewCell.xib in Resources */,
				C08C722728C3D7E40007E7FE /* Main.storyboard in Resources */,
				C05654EB28CE6FA600230AB8 /* HomeCollectionViewCell.xib in Resources */,
			);
			runOnlyForDeploymentPostprocessing = 0;
		};
/* End PBXResourcesBuildPhase section */

/* Begin PBXSourcesBuildPhase section */
		C08C721828C3D7E40007E7FE /* Sources */ = {
			isa = PBXSourcesBuildPhase;
			buildActionMask = 2147483647;
			files = (
				C002E45628CE9F4700C44F2B /* LoginViewController.swift in Sources */,
				C05654ED28CE6FA600230AB8 /* HomeCollectionViewCell.swift in Sources */,
				C05654EC28CE6FA600230AB8 /* CollectionViewController.swift in Sources */,
				C08C722428C3D7E40007E7FE /* MyTabBarConstroller.swift in Sources */,
				C08C722028C3D7E40007E7FE /* AppDelegate.swift in Sources */,
				20649BCC28C95E430029B372 /* favoritesCollectionViewCell.swift in Sources */,
				202A69A428CE6BCD00EE8E02 /* CALayer+Extension.swift in Sources */,
				C08C722228C3D7E40007E7FE /* SceneDelegate.swift in Sources */,
			);
			runOnlyForDeploymentPostprocessing = 0;
		};
/* End PBXSourcesBuildPhase section */

/* Begin PBXVariantGroup section */
		C08C722A28C3D7E60007E7FE /* LaunchScreen.storyboard */ = {
			isa = PBXVariantGroup;
			children = (
				C08C722B28C3D7E60007E7FE /* Base */,
			);
			name = LaunchScreen.storyboard;
			sourceTree = "<group>";
		};
/* End PBXVariantGroup section */

/* Begin XCBuildConfiguration section */
		C08C722E28C3D7E60007E7FE /* Debug */ = {
			isa = XCBuildConfiguration;
			buildSettings = {
				ALWAYS_SEARCH_USER_PATHS = NO;
				CLANG_ANALYZER_NONNULL = YES;
				CLANG_ANALYZER_NUMBER_OBJECT_CONVERSION = YES_AGGRESSIVE;
				CLANG_CXX_LANGUAGE_STANDARD = "gnu++17";
				CLANG_ENABLE_MODULES = YES;
				CLANG_ENABLE_OBJC_ARC = YES;
				CLANG_ENABLE_OBJC_WEAK = YES;
				CLANG_WARN_BLOCK_CAPTURE_AUTORELEASING = YES;
				CLANG_WARN_BOOL_CONVERSION = YES;
				CLANG_WARN_COMMA = YES;
				CLANG_WARN_CONSTANT_CONVERSION = YES;
				CLANG_WARN_DEPRECATED_OBJC_IMPLEMENTATIONS = YES;
				CLANG_WARN_DIRECT_OBJC_ISA_USAGE = YES_ERROR;
				CLANG_WARN_DOCUMENTATION_COMMENTS = YES;
				CLANG_WARN_EMPTY_BODY = YES;
				CLANG_WARN_ENUM_CONVERSION = YES;
				CLANG_WARN_INFINITE_RECURSION = YES;
				CLANG_WARN_INT_CONVERSION = YES;
				CLANG_WARN_NON_LITERAL_NULL_CONVERSION = YES;
				CLANG_WARN_OBJC_IMPLICIT_RETAIN_SELF = YES;
				CLANG_WARN_OBJC_LITERAL_CONVERSION = YES;
				CLANG_WARN_OBJC_ROOT_CLASS = YES_ERROR;
				CLANG_WARN_QUOTED_INCLUDE_IN_FRAMEWORK_HEADER = YES;
				CLANG_WARN_RANGE_LOOP_ANALYSIS = YES;
				CLANG_WARN_STRICT_PROTOTYPES = YES;
				CLANG_WARN_SUSPICIOUS_MOVE = YES;
				CLANG_WARN_UNGUARDED_AVAILABILITY = YES_AGGRESSIVE;
				CLANG_WARN_UNREACHABLE_CODE = YES;
				CLANG_WARN__DUPLICATE_METHOD_MATCH = YES;
				COPY_PHASE_STRIP = NO;
				DEBUG_INFORMATION_FORMAT = dwarf;
				ENABLE_STRICT_OBJC_MSGSEND = YES;
				ENABLE_TESTABILITY = YES;
				GCC_C_LANGUAGE_STANDARD = gnu11;
				GCC_DYNAMIC_NO_PIC = NO;
				GCC_NO_COMMON_BLOCKS = YES;
				GCC_OPTIMIZATION_LEVEL = 0;
				GCC_PREPROCESSOR_DEFINITIONS = (
					"DEBUG=1",
					"$(inherited)",
				);
				GCC_WARN_64_TO_32_BIT_CONVERSION = YES;
				GCC_WARN_ABOUT_RETURN_TYPE = YES_ERROR;
				GCC_WARN_UNDECLARED_SELECTOR = YES;
				GCC_WARN_UNINITIALIZED_AUTOS = YES_AGGRESSIVE;
				GCC_WARN_UNUSED_FUNCTION = YES;
				GCC_WARN_UNUSED_VARIABLE = YES;
				IPHONEOS_DEPLOYMENT_TARGET = 15.5;
				MTL_ENABLE_DEBUG_INFO = INCLUDE_SOURCE;
				MTL_FAST_MATH = YES;
				ONLY_ACTIVE_ARCH = YES;
				SDKROOT = iphoneos;
				SWIFT_ACTIVE_COMPILATION_CONDITIONS = DEBUG;
				SWIFT_OPTIMIZATION_LEVEL = "-Onone";
			};
			name = Debug;
		};
		C08C722F28C3D7E60007E7FE /* Release */ = {
			isa = XCBuildConfiguration;
			buildSettings = {
				ALWAYS_SEARCH_USER_PATHS = NO;
				CLANG_ANALYZER_NONNULL = YES;
				CLANG_ANALYZER_NUMBER_OBJECT_CONVERSION = YES_AGGRESSIVE;
				CLANG_CXX_LANGUAGE_STANDARD = "gnu++17";
				CLANG_ENABLE_MODULES = YES;
				CLANG_ENABLE_OBJC_ARC = YES;
				CLANG_ENABLE_OBJC_WEAK = YES;
				CLANG_WARN_BLOCK_CAPTURE_AUTORELEASING = YES;
				CLANG_WARN_BOOL_CONVERSION = YES;
				CLANG_WARN_COMMA = YES;
				CLANG_WARN_CONSTANT_CONVERSION = YES;
				CLANG_WARN_DEPRECATED_OBJC_IMPLEMENTATIONS = YES;
				CLANG_WARN_DIRECT_OBJC_ISA_USAGE = YES_ERROR;
				CLANG_WARN_DOCUMENTATION_COMMENTS = YES;
				CLANG_WARN_EMPTY_BODY = YES;
				CLANG_WARN_ENUM_CONVERSION = YES;
				CLANG_WARN_INFINITE_RECURSION = YES;
				CLANG_WARN_INT_CONVERSION = YES;
				CLANG_WARN_NON_LITERAL_NULL_CONVERSION = YES;
				CLANG_WARN_OBJC_IMPLICIT_RETAIN_SELF = YES;
				CLANG_WARN_OBJC_LITERAL_CONVERSION = YES;
				CLANG_WARN_OBJC_ROOT_CLASS = YES_ERROR;
				CLANG_WARN_QUOTED_INCLUDE_IN_FRAMEWORK_HEADER = YES;
				CLANG_WARN_RANGE_LOOP_ANALYSIS = YES;
				CLANG_WARN_STRICT_PROTOTYPES = YES;
				CLANG_WARN_SUSPICIOUS_MOVE = YES;
				CLANG_WARN_UNGUARDED_AVAILABILITY = YES_AGGRESSIVE;
				CLANG_WARN_UNREACHABLE_CODE = YES;
				CLANG_WARN__DUPLICATE_METHOD_MATCH = YES;
				COPY_PHASE_STRIP = NO;
				DEBUG_INFORMATION_FORMAT = "dwarf-with-dsym";
				ENABLE_NS_ASSERTIONS = NO;
				ENABLE_STRICT_OBJC_MSGSEND = YES;
				GCC_C_LANGUAGE_STANDARD = gnu11;
				GCC_NO_COMMON_BLOCKS = YES;
				GCC_WARN_64_TO_32_BIT_CONVERSION = YES;
				GCC_WARN_ABOUT_RETURN_TYPE = YES_ERROR;
				GCC_WARN_UNDECLARED_SELECTOR = YES;
				GCC_WARN_UNINITIALIZED_AUTOS = YES_AGGRESSIVE;
				GCC_WARN_UNUSED_FUNCTION = YES;
				GCC_WARN_UNUSED_VARIABLE = YES;
				IPHONEOS_DEPLOYMENT_TARGET = 15.5;
				MTL_ENABLE_DEBUG_INFO = NO;
				MTL_FAST_MATH = YES;
				SDKROOT = iphoneos;
				SWIFT_COMPILATION_MODE = wholemodule;
				SWIFT_OPTIMIZATION_LEVEL = "-O";
				VALIDATE_PRODUCT = YES;
			};
			name = Release;
		};
		C08C723128C3D7E60007E7FE /* Debug */ = {
			isa = XCBuildConfiguration;
			buildSettings = {
				ASSETCATALOG_COMPILER_APPICON_NAME = AppIcon;
				ASSETCATALOG_COMPILER_GLOBAL_ACCENT_COLOR_NAME = AccentColor;
				CODE_SIGN_STYLE = Automatic;
				CURRENT_PROJECT_VERSION = 1;
				DEVELOPMENT_TEAM = PK772J695M;
				GENERATE_INFOPLIST_FILE = YES;
				INFOPLIST_FILE = Pokedex/Info.plist;
				INFOPLIST_KEY_UIApplicationSupportsIndirectInputEvents = YES;
				INFOPLIST_KEY_UILaunchStoryboardName = LaunchScreen;
				INFOPLIST_KEY_UIMainStoryboardFile = Main;
				INFOPLIST_KEY_UISupportedInterfaceOrientations_iPad = "UIInterfaceOrientationPortrait UIInterfaceOrientationPortraitUpsideDown UIInterfaceOrientationLandscapeLeft UIInterfaceOrientationLandscapeRight";
				INFOPLIST_KEY_UISupportedInterfaceOrientations_iPhone = "UIInterfaceOrientationPortrait UIInterfaceOrientationLandscapeLeft UIInterfaceOrientationLandscapeRight";
				LD_RUNPATH_SEARCH_PATHS = (
					"$(inherited)",
					"@executable_path/Frameworks",
				);
				MARKETING_VERSION = 1.0;
				PRODUCT_BUNDLE_IDENTIFIER = com.GabrielRosa.Pokedex;
				PRODUCT_NAME = "$(TARGET_NAME)";
				SWIFT_EMIT_LOC_STRINGS = YES;
				SWIFT_VERSION = 5.0;
				TARGETED_DEVICE_FAMILY = "1,2";
			};
			name = Debug;
		};
		C08C723228C3D7E60007E7FE /* Release */ = {
			isa = XCBuildConfiguration;
			buildSettings = {
				ASSETCATALOG_COMPILER_APPICON_NAME = AppIcon;
				ASSETCATALOG_COMPILER_GLOBAL_ACCENT_COLOR_NAME = AccentColor;
				CODE_SIGN_STYLE = Automatic;
				CURRENT_PROJECT_VERSION = 1;
				DEVELOPMENT_TEAM = PK772J695M;
				GENERATE_INFOPLIST_FILE = YES;
				INFOPLIST_FILE = Pokedex/Info.plist;
				INFOPLIST_KEY_UIApplicationSupportsIndirectInputEvents = YES;
				INFOPLIST_KEY_UILaunchStoryboardName = LaunchScreen;
				INFOPLIST_KEY_UIMainStoryboardFile = Main;
				INFOPLIST_KEY_UISupportedInterfaceOrientations_iPad = "UIInterfaceOrientationPortrait UIInterfaceOrientationPortraitUpsideDown UIInterfaceOrientationLandscapeLeft UIInterfaceOrientationLandscapeRight";
				INFOPLIST_KEY_UISupportedInterfaceOrientations_iPhone = "UIInterfaceOrientationPortrait UIInterfaceOrientationLandscapeLeft UIInterfaceOrientationLandscapeRight";
				LD_RUNPATH_SEARCH_PATHS = (
					"$(inherited)",
					"@executable_path/Frameworks",
				);
				MARKETING_VERSION = 1.0;
				PRODUCT_BUNDLE_IDENTIFIER = com.GabrielRosa.Pokedex;
				PRODUCT_NAME = "$(TARGET_NAME)";
				SWIFT_EMIT_LOC_STRINGS = YES;
				SWIFT_VERSION = 5.0;
				TARGETED_DEVICE_FAMILY = "1,2";
			};
			name = Release;
		};
/* End XCBuildConfiguration section */

/* Begin XCConfigurationList section */
		C08C721728C3D7E40007E7FE /* Build configuration list for PBXProject "Pokedex" */ = {
			isa = XCConfigurationList;
			buildConfigurations = (
				C08C722E28C3D7E60007E7FE /* Debug */,
				C08C722F28C3D7E60007E7FE /* Release */,
			);
			defaultConfigurationIsVisible = 0;
			defaultConfigurationName = Release;
		};
		C08C723028C3D7E60007E7FE /* Build configuration list for PBXNativeTarget "Pokedex" */ = {
			isa = XCConfigurationList;
			buildConfigurations = (
				C08C723128C3D7E60007E7FE /* Debug */,
				C08C723228C3D7E60007E7FE /* Release */,
			);
			defaultConfigurationIsVisible = 0;
			defaultConfigurationName = Release;
		};
/* End XCConfigurationList section */
	};
	rootObject = C08C721428C3D7E40007E7FE /* Project object */;
}
