// !$*UTF8*$!
{
	archiveVersion = 1;
	classes = {
	};
	objectVersion = 55;
	objects = {

/* Begin PBXBuildFile section */
		52B77539E4FEAA84BB2103DE /* Pods_Pokedex.framework in Frameworks */ = {isa = PBXBuildFile; fileRef = 6C69070747C61F4DC02A9EC3 /* Pods_Pokedex.framework */; };
		C002E45628CE9F4700C44F2B /* LoginViewController.swift in Sources */ = {isa = PBXBuildFile; fileRef = C002E45528CE9F4700C44F2B /* LoginViewController.swift */; };
		C002E45828CE9F5C00C44F2B /* LoginStoryboard.storyboard in Resources */ = {isa = PBXBuildFile; fileRef = C002E45728CE9F5C00C44F2B /* LoginStoryboard.storyboard */; };
		C00FF5C028D7E712004F4151 /* CadastroViewController.swift in Sources */ = {isa = PBXBuildFile; fileRef = C00FF5BF28D7E712004F4151 /* CadastroViewController.swift */; };
		C00FF5C228D7E71D004F4151 /* CadastroStoryboard.storyboard in Resources */ = {isa = PBXBuildFile; fileRef = C00FF5C128D7E71D004F4151 /* CadastroStoryboard.storyboard */; };
		C00FF5C528D7ECD5004F4151 /* EsqueceuSenhaViewController.swift in Sources */ = {isa = PBXBuildFile; fileRef = C00FF5C428D7ECD5004F4151 /* EsqueceuSenhaViewController.swift */; };
		C00FF5C728D7ECEE004F4151 /* EsqueceuSenhaStoryboard.storyboard in Resources */ = {isa = PBXBuildFile; fileRef = C00FF5C628D7ECEE004F4151 /* EsqueceuSenhaStoryboard.storyboard */; };
		C03B6FF128D3E56A00683717 /* PokemonSelectedVc.swift in Sources */ = {isa = PBXBuildFile; fileRef = C03B6FF028D3E56A00683717 /* PokemonSelectedVc.swift */; };
		C03B6FF328D3E58500683717 /* pokemonSelected.storyboard in Resources */ = {isa = PBXBuildFile; fileRef = C03B6FF228D3E58500683717 /* pokemonSelected.storyboard */; };
		C0404F4F28D65577007CD6CA /* AbilitiesTableViewCell.swift in Sources */ = {isa = PBXBuildFile; fileRef = C0404F4D28D65577007CD6CA /* AbilitiesTableViewCell.swift */; };
		C0404F5028D65577007CD6CA /* AbilitiesTableViewCell.xib in Resources */ = {isa = PBXBuildFile; fileRef = C0404F4E28D65577007CD6CA /* AbilitiesTableViewCell.xib */; };
		C05654EB28CE6FA600230AB8 /* HomeCollectionViewCell.xib in Resources */ = {isa = PBXBuildFile; fileRef = C05654E828CE6FA600230AB8 /* HomeCollectionViewCell.xib */; };
		C05654EC28CE6FA600230AB8 /* CollectionViewController.swift in Sources */ = {isa = PBXBuildFile; fileRef = C05654E928CE6FA600230AB8 /* CollectionViewController.swift */; };
		C05654ED28CE6FA600230AB8 /* HomeCollectionViewCell.swift in Sources */ = {isa = PBXBuildFile; fileRef = C05654EA28CE6FA600230AB8 /* HomeCollectionViewCell.swift */; };
		C05654EF28CE6FED00230AB8 /* Main.storyboard in Resources */ = {isa = PBXBuildFile; fileRef = C05654EE28CE6FED00230AB8 /* Main.storyboard */; };
		C08AE85F28D3FD9100FCC976 /* HabilidadesCollectionViewCell.swift in Sources */ = {isa = PBXBuildFile; fileRef = C08AE85D28D3FD9100FCC976 /* HabilidadesCollectionViewCell.swift */; };
		C08AE86028D3FD9100FCC976 /* HabilidadesCollectionViewCell.xib in Resources */ = {isa = PBXBuildFile; fileRef = C08AE85E28D3FD9100FCC976 /* HabilidadesCollectionViewCell.xib */; };
		C08C722028C3D7E40007E7FE /* AppDelegate.swift in Sources */ = {isa = PBXBuildFile; fileRef = C08C721F28C3D7E40007E7FE /* AppDelegate.swift */; };
		C08C722228C3D7E40007E7FE /* SceneDelegate.swift in Sources */ = {isa = PBXBuildFile; fileRef = C08C722128C3D7E40007E7FE /* SceneDelegate.swift */; };
		C08C722428C3D7E40007E7FE /* MyTabBarConstroller.swift in Sources */ = {isa = PBXBuildFile; fileRef = C08C722328C3D7E40007E7FE /* MyTabBarConstroller.swift */; };
		C08C722928C3D7E60007E7FE /* Assets.xcassets in Resources */ = {isa = PBXBuildFile; fileRef = C08C722828C3D7E60007E7FE /* Assets.xcassets */; };
		C08C722C28C3D7E60007E7FE /* LaunchScreen.storyboard in Resources */ = {isa = PBXBuildFile; fileRef = C08C722A28C3D7E60007E7FE /* LaunchScreen.storyboard */; };
		C09807BC28D95814005DB2E2 /* ProfileViewController.swift in Sources */ = {isa = PBXBuildFile; fileRef = C09807BB28D95814005DB2E2 /* ProfileViewController.swift */; };
		C09807BE28D9582C005DB2E2 /* profileStoryboard.storyboard in Resources */ = {isa = PBXBuildFile; fileRef = C09807BD28D9582C005DB2E2 /* profileStoryboard.storyboard */; };
		C0C2D9EE28D28D1D00DE5CF9 /* LoadingViewController.swift in Sources */ = {isa = PBXBuildFile; fileRef = C0C2D9ED28D28D1D00DE5CF9 /* LoadingViewController.swift */; };
		C0DBA85E28D3FFCA00C7548F /* SobreCollectionViewCell.swift in Sources */ = {isa = PBXBuildFile; fileRef = C0DBA85C28D3FFCA00C7548F /* SobreCollectionViewCell.swift */; };
		C0DBA85F28D3FFCA00C7548F /* SobreCollectionViewCell.xib in Resources */ = {isa = PBXBuildFile; fileRef = C0DBA85D28D3FFCA00C7548F /* SobreCollectionViewCell.xib */; };
		C0DBA86328D4008300C7548F /* AtributosCollectionViewCell.swift in Sources */ = {isa = PBXBuildFile; fileRef = C0DBA86128D4008300C7548F /* AtributosCollectionViewCell.swift */; };
		C0DBA86428D4008300C7548F /* AtributosCollectionViewCell.xib in Resources */ = {isa = PBXBuildFile; fileRef = C0DBA86228D4008300C7548F /* AtributosCollectionViewCell.xib */; };
/* End PBXBuildFile section */

/* Begin PBXFileReference section */
		3F923EC079D0872720E9FA68 /* Pods-Pokedex.release.xcconfig */ = {isa = PBXFileReference; includeInIndex = 1; lastKnownFileType = text.xcconfig; name = "Pods-Pokedex.release.xcconfig"; path = "Target Support Files/Pods-Pokedex/Pods-Pokedex.release.xcconfig"; sourceTree = "<group>"; };
		6C69070747C61F4DC02A9EC3 /* Pods_Pokedex.framework */ = {isa = PBXFileReference; explicitFileType = wrapper.framework; includeInIndex = 0; path = Pods_Pokedex.framework; sourceTree = BUILT_PRODUCTS_DIR; };
		BD41CED1E2A5A458278E849D /* Pods-Pokedex.debug.xcconfig */ = {isa = PBXFileReference; includeInIndex = 1; lastKnownFileType = text.xcconfig; name = "Pods-Pokedex.debug.xcconfig"; path = "Target Support Files/Pods-Pokedex/Pods-Pokedex.debug.xcconfig"; sourceTree = "<group>"; };
		C002E45528CE9F4700C44F2B /* LoginViewController.swift */ = {isa = PBXFileReference; lastKnownFileType = sourcecode.swift; path = LoginViewController.swift; sourceTree = "<group>"; };
		C002E45728CE9F5C00C44F2B /* LoginStoryboard.storyboard */ = {isa = PBXFileReference; lastKnownFileType = file.storyboard; path = LoginStoryboard.storyboard; sourceTree = "<group>"; };
		C00FF5BF28D7E712004F4151 /* CadastroViewController.swift */ = {isa = PBXFileReference; lastKnownFileType = sourcecode.swift; path = CadastroViewController.swift; sourceTree = "<group>"; };
		C00FF5C128D7E71D004F4151 /* CadastroStoryboard.storyboard */ = {isa = PBXFileReference; lastKnownFileType = file.storyboard; path = CadastroStoryboard.storyboard; sourceTree = "<group>"; };
		C00FF5C428D7ECD5004F4151 /* EsqueceuSenhaViewController.swift */ = {isa = PBXFileReference; lastKnownFileType = sourcecode.swift; path = EsqueceuSenhaViewController.swift; sourceTree = "<group>"; };
		C00FF5C628D7ECEE004F4151 /* EsqueceuSenhaStoryboard.storyboard */ = {isa = PBXFileReference; lastKnownFileType = file.storyboard; path = EsqueceuSenhaStoryboard.storyboard; sourceTree = "<group>"; };
		C03B6FF028D3E56A00683717 /* PokemonSelectedVc.swift */ = {isa = PBXFileReference; lastKnownFileType = sourcecode.swift; path = PokemonSelectedVc.swift; sourceTree = "<group>"; };
		C03B6FF228D3E58500683717 /* pokemonSelected.storyboard */ = {isa = PBXFileReference; lastKnownFileType = file.storyboard; path = pokemonSelected.storyboard; sourceTree = "<group>"; };
		C0404F4D28D65577007CD6CA /* AbilitiesTableViewCell.swift */ = {isa = PBXFileReference; lastKnownFileType = sourcecode.swift; path = AbilitiesTableViewCell.swift; sourceTree = "<group>"; };
		C0404F4E28D65577007CD6CA /* AbilitiesTableViewCell.xib */ = {isa = PBXFileReference; lastKnownFileType = file.xib; path = AbilitiesTableViewCell.xib; sourceTree = "<group>"; };
		C05654E828CE6FA600230AB8 /* HomeCollectionViewCell.xib */ = {isa = PBXFileReference; fileEncoding = 4; lastKnownFileType = file.xib; path = HomeCollectionViewCell.xib; sourceTree = "<group>"; };
		C05654E928CE6FA600230AB8 /* CollectionViewController.swift */ = {isa = PBXFileReference; fileEncoding = 4; lastKnownFileType = sourcecode.swift; path = CollectionViewController.swift; sourceTree = "<group>"; };
		C05654EA28CE6FA600230AB8 /* HomeCollectionViewCell.swift */ = {isa = PBXFileReference; fileEncoding = 4; lastKnownFileType = sourcecode.swift; path = HomeCollectionViewCell.swift; sourceTree = "<group>"; };
		C05654EE28CE6FED00230AB8 /* Main.storyboard */ = {isa = PBXFileReference; fileEncoding = 4; lastKnownFileType = file.storyboard; path = Main.storyboard; sourceTree = "<group>"; };
		C08AE85D28D3FD9100FCC976 /* HabilidadesCollectionViewCell.swift */ = {isa = PBXFileReference; lastKnownFileType = sourcecode.swift; path = HabilidadesCollectionViewCell.swift; sourceTree = "<group>"; };
		C08AE85E28D3FD9100FCC976 /* HabilidadesCollectionViewCell.xib */ = {isa = PBXFileReference; lastKnownFileType = file.xib; path = HabilidadesCollectionViewCell.xib; sourceTree = "<group>"; };
		C08C721C28C3D7E40007E7FE /* Pokedex.app */ = {isa = PBXFileReference; explicitFileType = wrapper.application; includeInIndex = 0; path = Pokedex.app; sourceTree = BUILT_PRODUCTS_DIR; };
		C08C721F28C3D7E40007E7FE /* AppDelegate.swift */ = {isa = PBXFileReference; lastKnownFileType = sourcecode.swift; path = AppDelegate.swift; sourceTree = "<group>"; };
		C08C722128C3D7E40007E7FE /* SceneDelegate.swift */ = {isa = PBXFileReference; lastKnownFileType = sourcecode.swift; path = SceneDelegate.swift; sourceTree = "<group>"; };
		C08C722328C3D7E40007E7FE /* MyTabBarConstroller.swift */ = {isa = PBXFileReference; lastKnownFileType = sourcecode.swift; path = MyTabBarConstroller.swift; sourceTree = "<group>"; };
		C08C722828C3D7E60007E7FE /* Assets.xcassets */ = {isa = PBXFileReference; lastKnownFileType = folder.assetcatalog; path = Assets.xcassets; sourceTree = "<group>"; };
		C08C722B28C3D7E60007E7FE /* Base */ = {isa = PBXFileReference; lastKnownFileType = file.storyboard; name = Base; path = Base.lproj/LaunchScreen.storyboard; sourceTree = "<group>"; };
		C08C722D28C3D7E60007E7FE /* Info.plist */ = {isa = PBXFileReference; lastKnownFileType = text.plist.xml; path = Info.plist; sourceTree = "<group>"; };
		C09807BB28D95814005DB2E2 /* ProfileViewController.swift */ = {isa = PBXFileReference; lastKnownFileType = sourcecode.swift; path = ProfileViewController.swift; sourceTree = "<group>"; };
		C09807BD28D9582C005DB2E2 /* profileStoryboard.storyboard */ = {isa = PBXFileReference; lastKnownFileType = file.storyboard; path = profileStoryboard.storyboard; sourceTree = "<group>"; };
		C0C2D9ED28D28D1D00DE5CF9 /* LoadingViewController.swift */ = {isa = PBXFileReference; lastKnownFileType = sourcecode.swift; path = LoadingViewController.swift; sourceTree = "<group>"; };
		C0DBA85C28D3FFCA00C7548F /* SobreCollectionViewCell.swift */ = {isa = PBXFileReference; lastKnownFileType = sourcecode.swift; path = SobreCollectionViewCell.swift; sourceTree = "<group>"; };
		C0DBA85D28D3FFCA00C7548F /* SobreCollectionViewCell.xib */ = {isa = PBXFileReference; lastKnownFileType = file.xib; path = SobreCollectionViewCell.xib; sourceTree = "<group>"; };
		C0DBA86128D4008300C7548F /* AtributosCollectionViewCell.swift */ = {isa = PBXFileReference; lastKnownFileType = sourcecode.swift; path = AtributosCollectionViewCell.swift; sourceTree = "<group>"; };
		C0DBA86228D4008300C7548F /* AtributosCollectionViewCell.xib */ = {isa = PBXFileReference; lastKnownFileType = file.xib; path = AtributosCollectionViewCell.xib; sourceTree = "<group>"; };
/* End PBXFileReference section */

/* Begin PBXFrameworksBuildPhase section */
		C08C721928C3D7E40007E7FE /* Frameworks */ = {
			isa = PBXFrameworksBuildPhase;
			buildActionMask = 2147483647;
			files = (
				52B77539E4FEAA84BB2103DE /* Pods_Pokedex.framework in Frameworks */,
			);
			runOnlyForDeploymentPostprocessing = 0;
		};
/* End PBXFrameworksBuildPhase section */

/* Begin PBXGroup section */
		1FD9E89EB0FD4E3CF19E1D0A /* Pods */ = {
			isa = PBXGroup;
			children = (
				BD41CED1E2A5A458278E849D /* Pods-Pokedex.debug.xcconfig */,
				3F923EC079D0872720E9FA68 /* Pods-Pokedex.release.xcconfig */,
			);
			path = Pods;
			sourceTree = "<group>";
		};
		C002E45128CE9DE800C44F2B /* TabBar */ = {
			isa = PBXGroup;
			children = (
				C08C722328C3D7E40007E7FE /* MyTabBarConstroller.swift */,
			);
			path = TabBar;
			sourceTree = "<group>";
		};
		C002E45228CE9E4700C44F2B /* CollectionView */ = {
			isa = PBXGroup;
			children = (
				C05654E928CE6FA600230AB8 /* CollectionViewController.swift */,
				C05654EE28CE6FED00230AB8 /* Main.storyboard */,
			);
			path = CollectionView;
			sourceTree = "<group>";
		};
		C002E45328CE9EAA00C44F2B /* HomeCollection */ = {
			isa = PBXGroup;
			children = (
				C05654EA28CE6FA600230AB8 /* HomeCollectionViewCell.swift */,
				C05654E828CE6FA600230AB8 /* HomeCollectionViewCell.xib */,
			);
			path = HomeCollection;
			sourceTree = "<group>";
		};
		C002E45428CE9F0600C44F2B /* Login */ = {
			isa = PBXGroup;
			children = (
				C002E45528CE9F4700C44F2B /* LoginViewController.swift */,
				C002E45728CE9F5C00C44F2B /* LoginStoryboard.storyboard */,
			);
			path = Login;
			sourceTree = "<group>";
		};
		C00FF5BE28D7E6FC004F4151 /* Cadastro */ = {
			isa = PBXGroup;
			children = (
				C00FF5BF28D7E712004F4151 /* CadastroViewController.swift */,
				C00FF5C128D7E71D004F4151 /* CadastroStoryboard.storyboard */,
			);
			path = Cadastro;
			sourceTree = "<group>";
		};
		C00FF5C328D7ECBB004F4151 /* EsqueceuSenha */ = {
			isa = PBXGroup;
			children = (
				C00FF5C428D7ECD5004F4151 /* EsqueceuSenhaViewController.swift */,
				C00FF5C628D7ECEE004F4151 /* EsqueceuSenhaStoryboard.storyboard */,
			);
			path = EsqueceuSenha;
			sourceTree = "<group>";
		};
		C022F97428D49B60003CD636 /* PokemonSelected */ = {
			isa = PBXGroup;
			children = (
				C03B6FF028D3E56A00683717 /* PokemonSelectedVc.swift */,
				C03B6FF228D3E58500683717 /* pokemonSelected.storyboard */,
			);
			path = PokemonSelected;
			sourceTree = "<group>";
		};
		C035444328D3FA1300AA86A4 /* Collection */ = {
			isa = PBXGroup;
			children = (
				C08AE86128D3FF2E00FCC976 /* Sobre */,
				C0DBA86028D4006B00C7548F /* Atributos */,
				C08AE85C28D3FD6D00FCC976 /* Habilidades */,
			);
			path = Collection;
			sourceTree = "<group>";
		};
		C03B6FEF28D3E50700683717 /* PokemonSelected */ = {
			isa = PBXGroup;
			children = (
				C022F97428D49B60003CD636 /* PokemonSelected */,
				C035444328D3FA1300AA86A4 /* Collection */,
			);
			path = PokemonSelected;
			sourceTree = "<group>";
		};
		C0404F4C28D65546007CD6CA /* tableView */ = {
			isa = PBXGroup;
			children = (
				C0404F4D28D65577007CD6CA /* AbilitiesTableViewCell.swift */,
				C0404F4E28D65577007CD6CA /* AbilitiesTableViewCell.xib */,
			);
			path = tableView;
			sourceTree = "<group>";
		};
		C08AE85C28D3FD6D00FCC976 /* Habilidades */ = {
			isa = PBXGroup;
			children = (
				C0404F4C28D65546007CD6CA /* tableView */,
				C08AE85D28D3FD9100FCC976 /* HabilidadesCollectionViewCell.swift */,
				C08AE85E28D3FD9100FCC976 /* HabilidadesCollectionViewCell.xib */,
			);
			path = Habilidades;
			sourceTree = "<group>";
		};
		C08AE86128D3FF2E00FCC976 /* Sobre */ = {
			isa = PBXGroup;
			children = (
				C0DBA85C28D3FFCA00C7548F /* SobreCollectionViewCell.swift */,
				C0DBA85D28D3FFCA00C7548F /* SobreCollectionViewCell.xib */,
			);
			path = Sobre;
			sourceTree = "<group>";
		};
		C08C721328C3D7E40007E7FE = {
			isa = PBXGroup;
			children = (
				C08C721E28C3D7E40007E7FE /* Pokedex */,
				C08C721D28C3D7E40007E7FE /* Products */,
				1FD9E89EB0FD4E3CF19E1D0A /* Pods */,
				C6B429CDD8A93AE8BC0901B4 /* Frameworks */,
			);
			sourceTree = "<group>";
		};
		C08C721D28C3D7E40007E7FE /* Products */ = {
			isa = PBXGroup;
			children = (
				C08C721C28C3D7E40007E7FE /* Pokedex.app */,
			);
			name = Products;
			sourceTree = "<group>";
		};
		C08C721E28C3D7E40007E7FE /* Pokedex */ = {
			isa = PBXGroup;
			children = (
				C09807BA28D95801005DB2E2 /* Profile */,
				C00FF5C328D7ECBB004F4151 /* EsqueceuSenha */,
				C00FF5BE28D7E6FC004F4151 /* Cadastro */,
				C03B6FEF28D3E50700683717 /* PokemonSelected */,
				C002E45128CE9DE800C44F2B /* TabBar */,
				C002E45228CE9E4700C44F2B /* CollectionView */,
				C002E45328CE9EAA00C44F2B /* HomeCollection */,
				C0C2D9EA28D288C800DE5CF9 /* Loading */,
				C002E45428CE9F0600C44F2B /* Login */,
				C08C721F28C3D7E40007E7FE /* AppDelegate.swift */,
				C08C722128C3D7E40007E7FE /* SceneDelegate.swift */,
				C08C722828C3D7E60007E7FE /* Assets.xcassets */,
				C08C722D28C3D7E60007E7FE /* Info.plist */,
			);
			path = Pokedex;
			sourceTree = "<group>";
		};
		C09807BA28D95801005DB2E2 /* Profile */ = {
			isa = PBXGroup;
			children = (
				C09807BB28D95814005DB2E2 /* ProfileViewController.swift */,
				C09807BD28D9582C005DB2E2 /* profileStoryboard.storyboard */,
			);
			path = Profile;
			sourceTree = "<group>";
		};
		C0C2D9EA28D288C800DE5CF9 /* Loading */ = {
			isa = PBXGroup;
			children = (
				C08C722A28C3D7E60007E7FE /* LaunchScreen.storyboard */,
				C0C2D9ED28D28D1D00DE5CF9 /* LoadingViewController.swift */,
			);
			path = Loading;
			sourceTree = "<group>";
		};
		C0DBA86028D4006B00C7548F /* Atributos */ = {
			isa = PBXGroup;
			children = (
				C0DBA86128D4008300C7548F /* AtributosCollectionViewCell.swift */,
				C0DBA86228D4008300C7548F /* AtributosCollectionViewCell.xib */,
			);
			path = Atributos;
			sourceTree = "<group>";
		};
		C6B429CDD8A93AE8BC0901B4 /* Frameworks */ = {
			isa = PBXGroup;
			children = (
				6C69070747C61F4DC02A9EC3 /* Pods_Pokedex.framework */,
			);
			name = Frameworks;
			sourceTree = "<group>";
		};
/* End PBXGroup section */

/* Begin PBXNativeTarget section */
		C08C721B28C3D7E40007E7FE /* Pokedex */ = {
			isa = PBXNativeTarget;
			buildConfigurationList = C08C723028C3D7E60007E7FE /* Build configuration list for PBXNativeTarget "Pokedex" */;
			buildPhases = (
				52B351A3C94CE76F0C627AD3 /* [CP] Check Pods Manifest.lock */,
				C08C721828C3D7E40007E7FE /* Sources */,
				C08C721928C3D7E40007E7FE /* Frameworks */,
				C08C721A28C3D7E40007E7FE /* Resources */,
				E249E306B8D1E63E111A54A7 /* [CP] Embed Pods Frameworks */,
			);
			buildRules = (
			);
			dependencies = (
			);
			name = Pokedex;
			productName = Pokedex;
			productReference = C08C721C28C3D7E40007E7FE /* Pokedex.app */;
			productType = "com.apple.product-type.application";
		};
/* End PBXNativeTarget section */

/* Begin PBXProject section */
		C08C721428C3D7E40007E7FE /* Project object */ = {
			isa = PBXProject;
			attributes = {
				BuildIndependentTargetsInParallel = 1;
				LastSwiftUpdateCheck = 1340;
				LastUpgradeCheck = 1340;
				TargetAttributes = {
					C08C721B28C3D7E40007E7FE = {
						CreatedOnToolsVersion = 13.4.1;
					};
				};
			};
			buildConfigurationList = C08C721728C3D7E40007E7FE /* Build configuration list for PBXProject "Pokedex" */;
			compatibilityVersion = "Xcode 13.0";
			developmentRegion = en;
			hasScannedForEncodings = 0;
			knownRegions = (
				en,
				Base,
			);
			mainGroup = C08C721328C3D7E40007E7FE;
			productRefGroup = C08C721D28C3D7E40007E7FE /* Products */;
			projectDirPath = "";
			projectRoot = "";
			targets = (
				C08C721B28C3D7E40007E7FE /* Pokedex */,
			);
		};
/* End PBXProject section */

/* Begin PBXResourcesBuildPhase section */
		C08C721A28C3D7E40007E7FE /* Resources */ = {
			isa = PBXResourcesBuildPhase;
			buildActionMask = 2147483647;
			files = (
				C08C722C28C3D7E60007E7FE /* LaunchScreen.storyboard in Resources */,
				C00FF5C228D7E71D004F4151 /* CadastroStoryboard.storyboard in Resources */,
				C08AE86028D3FD9100FCC976 /* HabilidadesCollectionViewCell.xib in Resources */,
				C09807BE28D9582C005DB2E2 /* profileStoryboard.storyboard in Resources */,
				C05654EF28CE6FED00230AB8 /* Main.storyboard in Resources */,
				C002E45828CE9F5C00C44F2B /* LoginStoryboard.storyboard in Resources */,
				C03B6FF328D3E58500683717 /* pokemonSelected.storyboard in Resources */,
				C08C722928C3D7E60007E7FE /* Assets.xcassets in Resources */,
				C0404F5028D65577007CD6CA /* AbilitiesTableViewCell.xib in Resources */,
				C0DBA85F28D3FFCA00C7548F /* SobreCollectionViewCell.xib in Resources */,
				C00FF5C728D7ECEE004F4151 /* EsqueceuSenhaStoryboard.storyboard in Resources */,
				C0DBA86428D4008300C7548F /* AtributosCollectionViewCell.xib in Resources */,
				C05654EB28CE6FA600230AB8 /* HomeCollectionViewCell.xib in Resources */,
			);
			runOnlyForDeploymentPostprocessing = 0;
		};
/* End PBXResourcesBuildPhase section */

/* Begin PBXShellScriptBuildPhase section */
		52B351A3C94CE76F0C627AD3 /* [CP] Check Pods Manifest.lock */ = {
			isa = PBXShellScriptBuildPhase;
			buildActionMask = 2147483647;
			files = (
			);
			inputFileListPaths = (
			);
			inputPaths = (
				"${PODS_PODFILE_DIR_PATH}/Podfile.lock",
				"${PODS_ROOT}/Manifest.lock",
			);
			name = "[CP] Check Pods Manifest.lock";
			outputFileListPaths = (
			);
			outputPaths = (
				"$(DERIVED_FILE_DIR)/Pods-Pokedex-checkManifestLockResult.txt",
			);
			runOnlyForDeploymentPostprocessing = 0;
			shellPath = /bin/sh;
			shellScript = "diff \"${PODS_PODFILE_DIR_PATH}/Podfile.lock\" \"${PODS_ROOT}/Manifest.lock\" > /dev/null\nif [ $? != 0 ] ; then\n    # print error to STDERR\n    echo \"error: The sandbox is not in sync with the Podfile.lock. Run 'pod install' or update your CocoaPods installation.\" >&2\n    exit 1\nfi\n# This output is used by Xcode 'outputs' to avoid re-running this script phase.\necho \"SUCCESS\" > \"${SCRIPT_OUTPUT_FILE_0}\"\n";
			showEnvVarsInLog = 0;
		};
		E249E306B8D1E63E111A54A7 /* [CP] Embed Pods Frameworks */ = {
			isa = PBXShellScriptBuildPhase;
			buildActionMask = 2147483647;
			files = (
			);
			inputFileListPaths = (
				"${PODS_ROOT}/Target Support Files/Pods-Pokedex/Pods-Pokedex-frameworks-${CONFIGURATION}-input-files.xcfilelist",
			);
			name = "[CP] Embed Pods Frameworks";
			outputFileListPaths = (
				"${PODS_ROOT}/Target Support Files/Pods-Pokedex/Pods-Pokedex-frameworks-${CONFIGURATION}-output-files.xcfilelist",
			);
			runOnlyForDeploymentPostprocessing = 0;
			shellPath = /bin/sh;
			shellScript = "\"${PODS_ROOT}/Target Support Files/Pods-Pokedex/Pods-Pokedex-frameworks.sh\"\n";
			showEnvVarsInLog = 0;
		};
/* End PBXShellScriptBuildPhase section */

/* Begin PBXSourcesBuildPhase section */
		C08C721828C3D7E40007E7FE /* Sources */ = {
			isa = PBXSourcesBuildPhase;
			buildActionMask = 2147483647;
			files = (
				C0404F4F28D65577007CD6CA /* AbilitiesTableViewCell.swift in Sources */,
				C0C2D9EE28D28D1D00DE5CF9 /* LoadingViewController.swift in Sources */,
				C002E45628CE9F4700C44F2B /* LoginViewController.swift in Sources */,
				C05654ED28CE6FA600230AB8 /* HomeCollectionViewCell.swift in Sources */,
				C08AE85F28D3FD9100FCC976 /* HabilidadesCollectionViewCell.swift in Sources */,
				C0DBA85E28D3FFCA00C7548F /* SobreCollectionViewCell.swift in Sources */,
				C05654EC28CE6FA600230AB8 /* CollectionViewController.swift in Sources */,
				C08C722428C3D7E40007E7FE /* MyTabBarConstroller.swift in Sources */,
				C03B6FF128D3E56A00683717 /* PokemonSelectedVc.swift in Sources */,
				C0DBA86328D4008300C7548F /* AtributosCollectionViewCell.swift in Sources */,
				C00FF5C028D7E712004F4151 /* CadastroViewController.swift in Sources */,
				C08C722028C3D7E40007E7FE /* AppDelegate.swift in Sources */,
				C09807BC28D95814005DB2E2 /* ProfileViewController.swift in Sources */,
				C00FF5C528D7ECD5004F4151 /* EsqueceuSenhaViewController.swift in Sources */,
				C08C722228C3D7E40007E7FE /* SceneDelegate.swift in Sources */,
			);
			runOnlyForDeploymentPostprocessing = 0;
		};
/* End PBXSourcesBuildPhase section */

/* Begin PBXVariantGroup section */
		C08C722A28C3D7E60007E7FE /* LaunchScreen.storyboard */ = {
			isa = PBXVariantGroup;
			children = (
				C08C722B28C3D7E60007E7FE /* Base */,
			);
			name = LaunchScreen.storyboard;
			sourceTree = "<group>";
		};
/* End PBXVariantGroup section */

/* Begin XCBuildConfiguration section */
		C08C722E28C3D7E60007E7FE /* Debug */ = {
			isa = XCBuildConfiguration;
			buildSettings = {
				ALWAYS_SEARCH_USER_PATHS = NO;
				CLANG_ANALYZER_NONNULL = YES;
				CLANG_ANALYZER_NUMBER_OBJECT_CONVERSION = YES_AGGRESSIVE;
				CLANG_CXX_LANGUAGE_STANDARD = "gnu++17";
				CLANG_ENABLE_MODULES = YES;
				CLANG_ENABLE_OBJC_ARC = YES;
				CLANG_ENABLE_OBJC_WEAK = YES;
				CLANG_WARN_BLOCK_CAPTURE_AUTORELEASING = YES;
				CLANG_WARN_BOOL_CONVERSION = YES;
				CLANG_WARN_COMMA = YES;
				CLANG_WARN_CONSTANT_CONVERSION = YES;
				CLANG_WARN_DEPRECATED_OBJC_IMPLEMENTATIONS = YES;
				CLANG_WARN_DIRECT_OBJC_ISA_USAGE = YES_ERROR;
				CLANG_WARN_DOCUMENTATION_COMMENTS = YES;
				CLANG_WARN_EMPTY_BODY = YES;
				CLANG_WARN_ENUM_CONVERSION = YES;
				CLANG_WARN_INFINITE_RECURSION = YES;
				CLANG_WARN_INT_CONVERSION = YES;
				CLANG_WARN_NON_LITERAL_NULL_CONVERSION = YES;
				CLANG_WARN_OBJC_IMPLICIT_RETAIN_SELF = YES;
				CLANG_WARN_OBJC_LITERAL_CONVERSION = YES;
				CLANG_WARN_OBJC_ROOT_CLASS = YES_ERROR;
				CLANG_WARN_QUOTED_INCLUDE_IN_FRAMEWORK_HEADER = YES;
				CLANG_WARN_RANGE_LOOP_ANALYSIS = YES;
				CLANG_WARN_STRICT_PROTOTYPES = YES;
				CLANG_WARN_SUSPICIOUS_MOVE = YES;
				CLANG_WARN_UNGUARDED_AVAILABILITY = YES_AGGRESSIVE;
				CLANG_WARN_UNREACHABLE_CODE = YES;
				CLANG_WARN__DUPLICATE_METHOD_MATCH = YES;
				COPY_PHASE_STRIP = NO;
				DEBUG_INFORMATION_FORMAT = dwarf;
				ENABLE_STRICT_OBJC_MSGSEND = YES;
				ENABLE_TESTABILITY = YES;
				GCC_C_LANGUAGE_STANDARD = gnu11;
				GCC_DYNAMIC_NO_PIC = NO;
				GCC_NO_COMMON_BLOCKS = YES;
				GCC_OPTIMIZATION_LEVEL = 0;
				GCC_PREPROCESSOR_DEFINITIONS = (
					"DEBUG=1",
					"$(inherited)",
				);
				GCC_WARN_64_TO_32_BIT_CONVERSION = YES;
				GCC_WARN_ABOUT_RETURN_TYPE = YES_ERROR;
				GCC_WARN_UNDECLARED_SELECTOR = YES;
				GCC_WARN_UNINITIALIZED_AUTOS = YES_AGGRESSIVE;
				GCC_WARN_UNUSED_FUNCTION = YES;
				GCC_WARN_UNUSED_VARIABLE = YES;
				IPHONEOS_DEPLOYMENT_TARGET = 15.5;
				MTL_ENABLE_DEBUG_INFO = INCLUDE_SOURCE;
				MTL_FAST_MATH = YES;
				ONLY_ACTIVE_ARCH = YES;
				SDKROOT = iphoneos;
				SWIFT_ACTIVE_COMPILATION_CONDITIONS = DEBUG;
				SWIFT_OPTIMIZATION_LEVEL = "-Onone";
			};
			name = Debug;
		};
		C08C722F28C3D7E60007E7FE /* Release */ = {
			isa = XCBuildConfiguration;
			buildSettings = {
				ALWAYS_SEARCH_USER_PATHS = NO;
				CLANG_ANALYZER_NONNULL = YES;
				CLANG_ANALYZER_NUMBER_OBJECT_CONVERSION = YES_AGGRESSIVE;
				CLANG_CXX_LANGUAGE_STANDARD = "gnu++17";
				CLANG_ENABLE_MODULES = YES;
				CLANG_ENABLE_OBJC_ARC = YES;
				CLANG_ENABLE_OBJC_WEAK = YES;
				CLANG_WARN_BLOCK_CAPTURE_AUTORELEASING = YES;
				CLANG_WARN_BOOL_CONVERSION = YES;
				CLANG_WARN_COMMA = YES;
				CLANG_WARN_CONSTANT_CONVERSION = YES;
				CLANG_WARN_DEPRECATED_OBJC_IMPLEMENTATIONS = YES;
				CLANG_WARN_DIRECT_OBJC_ISA_USAGE = YES_ERROR;
				CLANG_WARN_DOCUMENTATION_COMMENTS = YES;
				CLANG_WARN_EMPTY_BODY = YES;
				CLANG_WARN_ENUM_CONVERSION = YES;
				CLANG_WARN_INFINITE_RECURSION = YES;
				CLANG_WARN_INT_CONVERSION = YES;
				CLANG_WARN_NON_LITERAL_NULL_CONVERSION = YES;
				CLANG_WARN_OBJC_IMPLICIT_RETAIN_SELF = YES;
				CLANG_WARN_OBJC_LITERAL_CONVERSION = YES;
				CLANG_WARN_OBJC_ROOT_CLASS = YES_ERROR;
				CLANG_WARN_QUOTED_INCLUDE_IN_FRAMEWORK_HEADER = YES;
				CLANG_WARN_RANGE_LOOP_ANALYSIS = YES;
				CLANG_WARN_STRICT_PROTOTYPES = YES;
				CLANG_WARN_SUSPICIOUS_MOVE = YES;
				CLANG_WARN_UNGUARDED_AVAILABILITY = YES_AGGRESSIVE;
				CLANG_WARN_UNREACHABLE_CODE = YES;
				CLANG_WARN__DUPLICATE_METHOD_MATCH = YES;
				COPY_PHASE_STRIP = NO;
				DEBUG_INFORMATION_FORMAT = "dwarf-with-dsym";
				ENABLE_NS_ASSERTIONS = NO;
				ENABLE_STRICT_OBJC_MSGSEND = YES;
				GCC_C_LANGUAGE_STANDARD = gnu11;
				GCC_NO_COMMON_BLOCKS = YES;
				GCC_WARN_64_TO_32_BIT_CONVERSION = YES;
				GCC_WARN_ABOUT_RETURN_TYPE = YES_ERROR;
				GCC_WARN_UNDECLARED_SELECTOR = YES;
				GCC_WARN_UNINITIALIZED_AUTOS = YES_AGGRESSIVE;
				GCC_WARN_UNUSED_FUNCTION = YES;
				GCC_WARN_UNUSED_VARIABLE = YES;
				IPHONEOS_DEPLOYMENT_TARGET = 15.5;
				MTL_ENABLE_DEBUG_INFO = NO;
				MTL_FAST_MATH = YES;
				SDKROOT = iphoneos;
				SWIFT_COMPILATION_MODE = wholemodule;
				SWIFT_OPTIMIZATION_LEVEL = "-O";
				VALIDATE_PRODUCT = YES;
			};
			name = Release;
		};
		C08C723128C3D7E60007E7FE /* Debug */ = {
			isa = XCBuildConfiguration;
			baseConfigurationReference = BD41CED1E2A5A458278E849D /* Pods-Pokedex.debug.xcconfig */;
			buildSettings = {
				ASSETCATALOG_COMPILER_APPICON_NAME = AppIcon;
				ASSETCATALOG_COMPILER_GLOBAL_ACCENT_COLOR_NAME = AccentColor;
				CODE_SIGN_STYLE = Automatic;
				CURRENT_PROJECT_VERSION = 1;
				DEVELOPMENT_TEAM = PK772J695M;
				GENERATE_INFOPLIST_FILE = YES;
				INFOPLIST_FILE = Pokedex/Info.plist;
				INFOPLIST_KEY_UIApplicationSupportsIndirectInputEvents = YES;
				INFOPLIST_KEY_UILaunchStoryboardName = "";
				INFOPLIST_KEY_UIMainStoryboardFile = LoginStoryboard;
				INFOPLIST_KEY_UISupportedInterfaceOrientations_iPad = "UIInterfaceOrientationPortrait UIInterfaceOrientationPortraitUpsideDown UIInterfaceOrientationLandscapeLeft UIInterfaceOrientationLandscapeRight";
				INFOPLIST_KEY_UISupportedInterfaceOrientations_iPhone = "UIInterfaceOrientationPortrait UIInterfaceOrientationLandscapeLeft UIInterfaceOrientationLandscapeRight";
				LD_RUNPATH_SEARCH_PATHS = (
					"$(inherited)",
					"@executable_path/Frameworks",
				);
				MARKETING_VERSION = 1.0;
				PRODUCT_BUNDLE_IDENTIFIER = com.GabrielRosa.Pokedex;
				PRODUCT_NAME = "$(TARGET_NAME)";
				SWIFT_EMIT_LOC_STRINGS = YES;
				SWIFT_VERSION = 5.0;
				TARGETED_DEVICE_FAMILY = "1,2";
			};
			name = Debug;
		};
		C08C723228C3D7E60007E7FE /* Release */ = {
			isa = XCBuildConfiguration;
			baseConfigurationReference = 3F923EC079D0872720E9FA68 /* Pods-Pokedex.release.xcconfig */;
			buildSettings = {
				ASSETCATALOG_COMPILER_APPICON_NAME = AppIcon;
				ASSETCATALOG_COMPILER_GLOBAL_ACCENT_COLOR_NAME = AccentColor;
				CODE_SIGN_STYLE = Automatic;
				CURRENT_PROJECT_VERSION = 1;
				DEVELOPMENT_TEAM = PK772J695M;
				GENERATE_INFOPLIST_FILE = YES;
				INFOPLIST_FILE = Pokedex/Info.plist;
				INFOPLIST_KEY_UIApplicationSupportsIndirectInputEvents = YES;
				INFOPLIST_KEY_UILaunchStoryboardName = "";
				INFOPLIST_KEY_UIMainStoryboardFile = LoginStoryboard;
				INFOPLIST_KEY_UISupportedInterfaceOrientations_iPad = "UIInterfaceOrientationPortrait UIInterfaceOrientationPortraitUpsideDown UIInterfaceOrientationLandscapeLeft UIInterfaceOrientationLandscapeRight";
				INFOPLIST_KEY_UISupportedInterfaceOrientations_iPhone = "UIInterfaceOrientationPortrait UIInterfaceOrientationLandscapeLeft UIInterfaceOrientationLandscapeRight";
				LD_RUNPATH_SEARCH_PATHS = (
					"$(inherited)",
					"@executable_path/Frameworks",
				);
				MARKETING_VERSION = 1.0;
				PRODUCT_BUNDLE_IDENTIFIER = com.GabrielRosa.Pokedex;
				PRODUCT_NAME = "$(TARGET_NAME)";
				SWIFT_EMIT_LOC_STRINGS = YES;
				SWIFT_VERSION = 5.0;
				TARGETED_DEVICE_FAMILY = "1,2";
			};
			name = Release;
		};
/* End XCBuildConfiguration section */

/* Begin XCConfigurationList section */
		C08C721728C3D7E40007E7FE /* Build configuration list for PBXProject "Pokedex" */ = {
			isa = XCConfigurationList;
			buildConfigurations = (
				C08C722E28C3D7E60007E7FE /* Debug */,
				C08C722F28C3D7E60007E7FE /* Release */,
			);
			defaultConfigurationIsVisible = 0;
			defaultConfigurationName = Release;
		};
		C08C723028C3D7E60007E7FE /* Build configuration list for PBXNativeTarget "Pokedex" */ = {
			isa = XCConfigurationList;
			buildConfigurations = (
				C08C723128C3D7E60007E7FE /* Debug */,
				C08C723228C3D7E60007E7FE /* Release */,
			);
			defaultConfigurationIsVisible = 0;
			defaultConfigurationName = Release;
		};
/* End XCConfigurationList section */
	};
	rootObject = C08C721428C3D7E40007E7FE /* Project object */;
}
